
Microsoft Visual Studio Solution File, Format Version 12.00
# Visual Studio 15
VisualStudioVersion = 15.0.28307.168
MinimumVisualStudioVersion = 10.0.40219.1
Project("{FAE04EC0-301F-11D3-BF4B-00C04F79EFBC}") = "CbRates", "CbRates\CbRates.csproj", "{C8013CAA-D003-4AC4-AA9C-3DA7C265E9AB}"
	ProjectSection(ProjectDependencies) = postProject
		{22011108-4945-4470-88C2-B5A28D623DBC} = {22011108-4945-4470-88C2-B5A28D623DBC}
	EndProjectSection
EndProject
Project("{E24C65DC-7377-472B-9ABA-BC803B73C61A}") = "CurrencyRateService", "CurrencyRateService\", "{22011108-4945-4470-88C2-B5A28D623DBC}"
	ProjectSection(WebsiteProperties) = preProject
		TargetFrameworkMoniker = ".NETFramework,Version%3Dv4.6.1"
		Debug.AspNetCompiler.VirtualPath = "/localhost_65097"
		Debug.AspNetCompiler.PhysicalPath = "CurrencyRateService\"
		Debug.AspNetCompiler.TargetPath = "PrecompiledWeb\localhost_65097\"
		Debug.AspNetCompiler.Updateable = "true"
		Debug.AspNetCompiler.ForceOverwrite = "true"
		Debug.AspNetCompiler.FixedNames = "false"
		Debug.AspNetCompiler.Debug = "True"
		Release.AspNetCompiler.VirtualPath = "/localhost_65097"
		Release.AspNetCompiler.PhysicalPath = "CurrencyRateService\"
		Release.AspNetCompiler.TargetPath = "PrecompiledWeb\localhost_65097\"
		Release.AspNetCompiler.Updateable = "true"
		Release.AspNetCompiler.ForceOverwrite = "true"
		Release.AspNetCompiler.FixedNames = "false"
		Release.AspNetCompiler.Debug = "False"
		VWDPort = "65097"
		SlnRelativePath = "CurrencyRateService\"
		DefaultWebSiteLanguage = "Visual C#"
	EndProjectSection
EndProject
Global
	GlobalSection(SolutionConfigurationPlatforms) = preSolution
		Debug|Any CPU = Debug|Any CPU
		Release|Any CPU = Release|Any CPU
	EndGlobalSection
	GlobalSection(ProjectConfigurationPlatforms) = postSolution
		{C8013CAA-D003-4AC4-AA9C-3DA7C265E9AB}.Debug|Any CPU.ActiveCfg = Debug|Any CPU
		{C8013CAA-D003-4AC4-AA9C-3DA7C265E9AB}.Debug|Any CPU.Build.0 = Debug|Any CPU
		{C8013CAA-D003-4AC4-AA9C-3DA7C265E9AB}.Release|Any CPU.ActiveCfg = Release|Any CPU
		{C8013CAA-D003-4AC4-AA9C-3DA7C265E9AB}.Release|Any CPU.Build.0 = Release|Any CPU
		{22011108-4945-4470-88C2-B5A28D623DBC}.Debug|Any CPU.ActiveCfg = Debug|Any CPU
		{22011108-4945-4470-88C2-B5A28D623DBC}.Debug|Any CPU.Build.0 = Debug|Any CPU
		{22011108-4945-4470-88C2-B5A28D623DBC}.Release|Any CPU.ActiveCfg = Debug|Any CPU
		{22011108-4945-4470-88C2-B5A28D623DBC}.Release|Any CPU.Build.0 = Debug|Any CPU
	EndGlobalSection
	GlobalSection(SolutionProperties) = preSolution
		HideSolutionNode = FALSE
	EndGlobalSection
	GlobalSection(ExtensibilityGlobals) = postSolution
		SolutionGuid = {13FB2D6D-3D57-4EA0-993D-C887F269C3E5}
	EndGlobalSection
EndGlobal
